
Microsoft Visual Studio Solution File, Format Version 12.00
Project("{2150E333-8FDC-42A3-9474-1A3956D46DE8}") = "src", "src", "{827E0CD3-B72D-47B6-A68D-7590B98EB39B}"
EndProject
Project("{FAE04EC0-301F-11D3-BF4B-00C04F79EFBC}") = "Magics.Application", "src\Magics.Application\Magics.Application.csproj", "{8CF96542-8565-4F0C-9BBA-ED533A6E5ABC}"
EndProject
Project("{FAE04EC0-301F-11D3-BF4B-00C04F79EFBC}") = "Magics.Application.Api.Contracts", "src\Magics.Application.Api.Contracts\Magics.Application.Api.Contracts.csproj", "{8AF0EDD3-60F2-4A97-B8F2-8E54C220466E}"
EndProject
Project("{FAE04EC0-301F-11D3-BF4B-00C04F79EFBC}") = "Magics.Application.AppServices", "src\Magics.Application.AppServices\Magics.Application.AppServices.csproj", "{024FD9D6-49EE-41A2-9834-9E05EBE97EA9}"
EndProject
Project("{FAE04EC0-301F-11D3-BF4B-00C04F79EFBC}") = "Magics.Application.AppServices.Contracts", "src\Magics.Application.AppServices.Contracts\Magics.Application.AppServices.Contracts.csproj", "{514F9C20-BFF8-45CF-84C5-FC87A463AF45}"
EndProject
Project("{FAE04EC0-301F-11D3-BF4B-00C04F79EFBC}") = "Magics.Application.DataAccess", "src\Magics.Application.DataAccess\Magics.Application.DataAccess.csproj", "{462C69BD-3955-4A40-8A6F-469C42599A39}"
EndProject
Project("{FAE04EC0-301F-11D3-BF4B-00C04F79EFBC}") = "Magics.Application.Migrations", "src\Magics.Application.Migrations\Magics.Application.Migrations.csproj", "{CA4AB0F2-418F-41A6-9CB3-9ABD3741AD50}"
EndProject
Project("{2150E333-8FDC-42A3-9474-1A3956D46DE8}") = "tests", "tests", "{0AB3BF05-4346-4AA6-1389-037BE0695223}"
EndProject
Project("{2150E333-8FDC-42A3-9474-1A3956D46DE8}") = "Magics.Application.AppServices.UnitTests", "Magics.Application.AppServices.UnitTests", "{E73BDF06-9377-452C-B56B-BF5FACBCD8B3}"
EndProject
Project("{FAE04EC0-301F-11D3-BF4B-00C04F79EFBC}") = "Magics.Application.DataAccess.UnitTests", "tests\Magics.Application.DataAccess.UnitTests\Magics.Application.DataAccess.UnitTests.csproj", "{EA01F419-7046-41E1-B7ED-45DB115B326C}"
EndProject
Project("{FAE04EC0-301F-11D3-BF4B-00C04F79EFBC}") = "Magics.Application.AppServices.UnitTests", "tests\Magics.Application.AppServices.UnitTests\Magics.Application.AppServices.UnitTests.csproj", "{86326154-E33A-4A37-87D6-102370D6DFF3}"
EndProject
Global
	GlobalSection(SolutionConfigurationPlatforms) = preSolution
		Debug|Any CPU = Debug|Any CPU
		Debug|x64 = Debug|x64
		Debug|x86 = Debug|x86
		Release|Any CPU = Release|Any CPU
		Release|x64 = Release|x64
		Release|x86 = Release|x86
	EndGlobalSection
	GlobalSection(ProjectConfigurationPlatforms) = postSolution
		{8CF96542-8565-4F0C-9BBA-ED533A6E5ABC}.Debug|Any CPU.ActiveCfg = Debug|Any CPU
		{8CF96542-8565-4F0C-9BBA-ED533A6E5ABC}.Debug|Any CPU.Build.0 = Debug|Any CPU
		{8CF96542-8565-4F0C-9BBA-ED533A6E5ABC}.Debug|x64.ActiveCfg = Debug|Any CPU
		{8CF96542-8565-4F0C-9BBA-ED533A6E5ABC}.Debug|x64.Build.0 = Debug|Any CPU
		{8CF96542-8565-4F0C-9BBA-ED533A6E5ABC}.Debug|x86.ActiveCfg = Debug|Any CPU
		{8CF96542-8565-4F0C-9BBA-ED533A6E5ABC}.Debug|x86.Build.0 = Debug|Any CPU
		{8CF96542-8565-4F0C-9BBA-ED533A6E5ABC}.Release|Any CPU.ActiveCfg = Release|Any CPU
		{8CF96542-8565-4F0C-9BBA-ED533A6E5ABC}.Release|Any CPU.Build.0 = Release|Any CPU
		{8CF96542-8565-4F0C-9BBA-ED533A6E5ABC}.Release|x64.ActiveCfg = Release|Any CPU
		{8CF96542-8565-4F0C-9BBA-ED533A6E5ABC}.Release|x64.Build.0 = Release|Any CPU
		{8CF96542-8565-4F0C-9BBA-ED533A6E5ABC}.Release|x86.ActiveCfg = Release|Any CPU
		{8CF96542-8565-4F0C-9BBA-ED533A6E5ABC}.Release|x86.Build.0 = Release|Any CPU
		{8AF0EDD3-60F2-4A97-B8F2-8E54C220466E}.Debug|Any CPU.ActiveCfg = Debug|Any CPU
		{8AF0EDD3-60F2-4A97-B8F2-8E54C220466E}.Debug|Any CPU.Build.0 = Debug|Any CPU
		{8AF0EDD3-60F2-4A97-B8F2-8E54C220466E}.Debug|x64.ActiveCfg = Debug|Any CPU
		{8AF0EDD3-60F2-4A97-B8F2-8E54C220466E}.Debug|x64.Build.0 = Debug|Any CPU
		{8AF0EDD3-60F2-4A97-B8F2-8E54C220466E}.Debug|x86.ActiveCfg = Debug|Any CPU
		{8AF0EDD3-60F2-4A97-B8F2-8E54C220466E}.Debug|x86.Build.0 = Debug|Any CPU
		{8AF0EDD3-60F2-4A97-B8F2-8E54C220466E}.Release|Any CPU.ActiveCfg = Release|Any CPU
		{8AF0EDD3-60F2-4A97-B8F2-8E54C220466E}.Release|Any CPU.Build.0 = Release|Any CPU
		{8AF0EDD3-60F2-4A97-B8F2-8E54C220466E}.Release|x64.ActiveCfg = Release|Any CPU
		{8AF0EDD3-60F2-4A97-B8F2-8E54C220466E}.Release|x64.Build.0 = Release|Any CPU
		{8AF0EDD3-60F2-4A97-B8F2-8E54C220466E}.Release|x86.ActiveCfg = Release|Any CPU
		{8AF0EDD3-60F2-4A97-B8F2-8E54C220466E}.Release|x86.Build.0 = Release|Any CPU
		{024FD9D6-49EE-41A2-9834-9E05EBE97EA9}.Debug|Any CPU.ActiveCfg = Debug|Any CPU
		{024FD9D6-49EE-41A2-9834-9E05EBE97EA9}.Debug|Any CPU.Build.0 = Debug|Any CPU
		{024FD9D6-49EE-41A2-9834-9E05EBE97EA9}.Debug|x64.ActiveCfg = Debug|Any CPU
		{024FD9D6-49EE-41A2-9834-9E05EBE97EA9}.Debug|x64.Build.0 = Debug|Any CPU
		{024FD9D6-49EE-41A2-9834-9E05EBE97EA9}.Debug|x86.ActiveCfg = Debug|Any CPU
		{024FD9D6-49EE-41A2-9834-9E05EBE97EA9}.Debug|x86.Build.0 = Debug|Any CPU
		{024FD9D6-49EE-41A2-9834-9E05EBE97EA9}.Release|Any CPU.ActiveCfg = Release|Any CPU
		{024FD9D6-49EE-41A2-9834-9E05EBE97EA9}.Release|Any CPU.Build.0 = Release|Any CPU
		{024FD9D6-49EE-41A2-9834-9E05EBE97EA9}.Release|x64.ActiveCfg = Release|Any CPU
		{024FD9D6-49EE-41A2-9834-9E05EBE97EA9}.Release|x64.Build.0 = Release|Any CPU
		{024FD9D6-49EE-41A2-9834-9E05EBE97EA9}.Release|x86.ActiveCfg = Release|Any CPU
		{024FD9D6-49EE-41A2-9834-9E05EBE97EA9}.Release|x86.Build.0 = Release|Any CPU
		{514F9C20-BFF8-45CF-84C5-FC87A463AF45}.Debug|Any CPU.ActiveCfg = Debug|Any CPU
		{514F9C20-BFF8-45CF-84C5-FC87A463AF45}.Debug|Any CPU.Build.0 = Debug|Any CPU
		{514F9C20-BFF8-45CF-84C5-FC87A463AF45}.Debug|x64.ActiveCfg = Debug|Any CPU
		{514F9C20-BFF8-45CF-84C5-FC87A463AF45}.Debug|x64.Build.0 = Debug|Any CPU
		{514F9C20-BFF8-45CF-84C5-FC87A463AF45}.Debug|x86.ActiveCfg = Debug|Any CPU
		{514F9C20-BFF8-45CF-84C5-FC87A463AF45}.Debug|x86.Build.0 = Debug|Any CPU
		{514F9C20-BFF8-45CF-84C5-FC87A463AF45}.Release|Any CPU.ActiveCfg = Release|Any CPU
		{514F9C20-BFF8-45CF-84C5-FC87A463AF45}.Release|Any CPU.Build.0 = Release|Any CPU
		{514F9C20-BFF8-45CF-84C5-FC87A463AF45}.Release|x64.ActiveCfg = Release|Any CPU
		{514F9C20-BFF8-45CF-84C5-FC87A463AF45}.Release|x64.Build.0 = Release|Any CPU
		{514F9C20-BFF8-45CF-84C5-FC87A463AF45}.Release|x86.ActiveCfg = Release|Any CPU
		{514F9C20-BFF8-45CF-84C5-FC87A463AF45}.Release|x86.Build.0 = Release|Any CPU
		{462C69BD-3955-4A40-8A6F-469C42599A39}.Debug|Any CPU.ActiveCfg = Debug|Any CPU
		{462C69BD-3955-4A40-8A6F-469C42599A39}.Debug|Any CPU.Build.0 = Debug|Any CPU
		{462C69BD-3955-4A40-8A6F-469C42599A39}.Debug|x64.ActiveCfg = Debug|Any CPU
		{462C69BD-3955-4A40-8A6F-469C42599A39}.Debug|x64.Build.0 = Debug|Any CPU
		{462C69BD-3955-4A40-8A6F-469C42599A39}.Debug|x86.ActiveCfg = Debug|Any CPU
		{462C69BD-3955-4A40-8A6F-469C42599A39}.Debug|x86.Build.0 = Debug|Any CPU
		{462C69BD-3955-4A40-8A6F-469C42599A39}.Release|Any CPU.ActiveCfg = Release|Any CPU
		{462C69BD-3955-4A40-8A6F-469C42599A39}.Release|Any CPU.Build.0 = Release|Any CPU
		{462C69BD-3955-4A40-8A6F-469C42599A39}.Release|x64.ActiveCfg = Release|Any CPU
		{462C69BD-3955-4A40-8A6F-469C42599A39}.Release|x64.Build.0 = Release|Any CPU
		{462C69BD-3955-4A40-8A6F-469C42599A39}.Release|x86.ActiveCfg = Release|Any CPU
		{462C69BD-3955-4A40-8A6F-469C42599A39}.Release|x86.Build.0 = Release|Any CPU
		{CA4AB0F2-418F-41A6-9CB3-9ABD3741AD50}.Debug|Any CPU.ActiveCfg = Debug|Any CPU
		{CA4AB0F2-418F-41A6-9CB3-9ABD3741AD50}.Debug|Any CPU.Build.0 = Debug|Any CPU
		{CA4AB0F2-418F-41A6-9CB3-9ABD3741AD50}.Debug|x64.ActiveCfg = Debug|Any CPU
		{CA4AB0F2-418F-41A6-9CB3-9ABD3741AD50}.Debug|x64.Build.0 = Debug|Any CPU
		{CA4AB0F2-418F-41A6-9CB3-9ABD3741AD50}.Debug|x86.ActiveCfg = Debug|Any CPU
		{CA4AB0F2-418F-41A6-9CB3-9ABD3741AD50}.Debug|x86.Build.0 = Debug|Any CPU
		{CA4AB0F2-418F-41A6-9CB3-9ABD3741AD50}.Release|Any CPU.ActiveCfg = Release|Any CPU
		{CA4AB0F2-418F-41A6-9CB3-9ABD3741AD50}.Release|Any CPU.Build.0 = Release|Any CPU
		{CA4AB0F2-418F-41A6-9CB3-9ABD3741AD50}.Release|x64.ActiveCfg = Release|Any CPU
		{CA4AB0F2-418F-41A6-9CB3-9ABD3741AD50}.Release|x64.Build.0 = Release|Any CPU
		{CA4AB0F2-418F-41A6-9CB3-9ABD3741AD50}.Release|x86.ActiveCfg = Release|Any CPU
		{CA4AB0F2-418F-41A6-9CB3-9ABD3741AD50}.Release|x86.Build.0 = Release|Any CPU
		{EA01F419-7046-41E1-B7ED-45DB115B326C}.Debug|Any CPU.ActiveCfg = Debug|Any CPU
		{EA01F419-7046-41E1-B7ED-45DB115B326C}.Debug|Any CPU.Build.0 = Debug|Any CPU
		{EA01F419-7046-41E1-B7ED-45DB115B326C}.Debug|x64.ActiveCfg = Debug|Any CPU
		{EA01F419-7046-41E1-B7ED-45DB115B326C}.Debug|x64.Build.0 = Debug|Any CPU
		{EA01F419-7046-41E1-B7ED-45DB115B326C}.Debug|x86.ActiveCfg = Debug|Any CPU
		{EA01F419-7046-41E1-B7ED-45DB115B326C}.Debug|x86.Build.0 = Debug|Any CPU
		{EA01F419-7046-41E1-B7ED-45DB115B326C}.Release|Any CPU.ActiveCfg = Release|Any CPU
		{EA01F419-7046-41E1-B7ED-45DB115B326C}.Release|Any CPU.Build.0 = Release|Any CPU
		{EA01F419-7046-41E1-B7ED-45DB115B326C}.Release|x64.ActiveCfg = Release|Any CPU
		{EA01F419-7046-41E1-B7ED-45DB115B326C}.Release|x64.Build.0 = Release|Any CPU
		{EA01F419-7046-41E1-B7ED-45DB115B326C}.Release|x86.ActiveCfg = Release|Any CPU
		{EA01F419-7046-41E1-B7ED-45DB115B326C}.Release|x86.Build.0 = Release|Any CPU
		{86326154-E33A-4A37-87D6-102370D6DFF3}.Debug|Any CPU.ActiveCfg = Debug|Any CPU
		{86326154-E33A-4A37-87D6-102370D6DFF3}.Debug|Any CPU.Build.0 = Debug|Any CPU
		{86326154-E33A-4A37-87D6-102370D6DFF3}.Debug|x64.ActiveCfg = Debug|Any CPU
		{86326154-E33A-4A37-87D6-102370D6DFF3}.Debug|x64.Build.0 = Debug|Any CPU
		{86326154-E33A-4A37-87D6-102370D6DFF3}.Debug|x86.ActiveCfg = Debug|Any CPU
		{86326154-E33A-4A37-87D6-102370D6DFF3}.Debug|x86.Build.0 = Debug|Any CPU
		{86326154-E33A-4A37-87D6-102370D6DFF3}.Release|Any CPU.ActiveCfg = Release|Any CPU
		{86326154-E33A-4A37-87D6-102370D6DFF3}.Release|Any CPU.Build.0 = Release|Any CPU
		{86326154-E33A-4A37-87D6-102370D6DFF3}.Release|x64.ActiveCfg = Release|Any CPU
		{86326154-E33A-4A37-87D6-102370D6DFF3}.Release|x64.Build.0 = Release|Any CPU
		{86326154-E33A-4A37-87D6-102370D6DFF3}.Release|x86.ActiveCfg = Release|Any CPU
		{86326154-E33A-4A37-87D6-102370D6DFF3}.Release|x86.Build.0 = Release|Any CPU
	EndGlobalSection
	GlobalSection(SolutionProperties) = preSolution
		HideSolutionNode = FALSE
	EndGlobalSection
	GlobalSection(NestedProjects) = preSolution
		{8CF96542-8565-4F0C-9BBA-ED533A6E5ABC} = {827E0CD3-B72D-47B6-A68D-7590B98EB39B}
		{8AF0EDD3-60F2-4A97-B8F2-8E54C220466E} = {827E0CD3-B72D-47B6-A68D-7590B98EB39B}
		{024FD9D6-49EE-41A2-9834-9E05EBE97EA9} = {827E0CD3-B72D-47B6-A68D-7590B98EB39B}
		{514F9C20-BFF8-45CF-84C5-FC87A463AF45} = {827E0CD3-B72D-47B6-A68D-7590B98EB39B}
		{462C69BD-3955-4A40-8A6F-469C42599A39} = {827E0CD3-B72D-47B6-A68D-7590B98EB39B}
		{CA4AB0F2-418F-41A6-9CB3-9ABD3741AD50} = {827E0CD3-B72D-47B6-A68D-7590B98EB39B}
		{E73BDF06-9377-452C-B56B-BF5FACBCD8B3} = {0AB3BF05-4346-4AA6-1389-037BE0695223}
		{EA01F419-7046-41E1-B7ED-45DB115B326C} = {0AB3BF05-4346-4AA6-1389-037BE0695223}
		{86326154-E33A-4A37-87D6-102370D6DFF3} = {0AB3BF05-4346-4AA6-1389-037BE0695223}
	EndGlobalSection
EndGlobal
